%{"connection": {:hex, :connection, "1.0.4", "a1cae72211f0eef17705aaededacac3eb30e6625b04a6117c1b2db6ace7d5976", [:mix], []},
  "espec": {:hex, :espec, "1.2.2", "c54cead6b197e9bcf32406d43eaedb1675a2b35c5ccc63f1033782c8d616b4a2", [:mix], [{:meck, "~> 0.8.4", [hex: :meck, optional: false]}]},
  "exprotobuf": {:hex, :exprotobuf, "1.2.4", "861fa1761f01057fa073c5f24a88fff3619a1218b10202024e7f978f12111345", [:mix], [{:gpb, "~> 3.24", [hex: :gpb, optional: false]}]},
  "gpb": {:git, "git://github.com/CraigCottingham/gpb.git", "2da70a64f5f3833e579d008baea625fe3ae38f88", [branch: "export-functions"]},
  "meck": {:hex, :meck, "0.8.4", "59ca1cd971372aa223138efcf9b29475bde299e1953046a0c727184790ab1520", [:make, :rebar], []}}
